
Microsoft Visual Studio Solution File, Format Version 12.00
# Visual Studio Version 17
VisualStudioVersion = 17.12.35514.174
MinimumVisualStudioVersion = 10.0.40219.1
Project("{FAE04EC0-301F-11D3-BF4B-00C04F79EFBC}") = "LibraryManagementWeb", "LibraryManagementWeb\LibraryManagementWeb\LibraryManagementWeb.csproj", "{F9F08E78-7080-4DA9-8AA0-75B6DD7FEFE5}"
EndProject
Project("{FAE04EC0-301F-11D3-BF4B-00C04F79EFBC}") = "LibraryManagementWeb.Client", "LibraryManagementWeb\LibraryManagementWeb.Client\LibraryManagementWeb.Client.csproj", "{B5DB2906-F12A-482D-A5C3-3BE5A8329AFC}"
EndProject
Global
	GlobalSection(SolutionConfigurationPlatforms) = preSolution
		Debug|Any CPU = Debug|Any CPU
		Release|Any CPU = Release|Any CPU
	EndGlobalSection
	GlobalSection(ProjectConfigurationPlatforms) = postSolution
		{F9F08E78-7080-4DA9-8AA0-75B6DD7FEFE5}.Debug|Any CPU.ActiveCfg = Debug|Any CPU
		{F9F08E78-7080-4DA9-8AA0-75B6DD7FEFE5}.Debug|Any CPU.Build.0 = Debug|Any CPU
		{F9F08E78-7080-4DA9-8AA0-75B6DD7FEFE5}.Release|Any CPU.ActiveCfg = Release|Any CPU
		{F9F08E78-7080-4DA9-8AA0-75B6DD7FEFE5}.Release|Any CPU.Build.0 = Release|Any CPU
		{B5DB2906-F12A-482D-A5C3-3BE5A8329AFC}.Debug|Any CPU.ActiveCfg = Debug|Any CPU
		{B5DB2906-F12A-482D-A5C3-3BE5A8329AFC}.Debug|Any CPU.Build.0 = Debug|Any CPU
		{B5DB2906-F12A-482D-A5C3-3BE5A8329AFC}.Release|Any CPU.ActiveCfg = Release|Any CPU
		{B5DB2906-F12A-482D-A5C3-3BE5A8329AFC}.Release|Any CPU.Build.0 = Release|Any CPU
	EndGlobalSection
	GlobalSection(SolutionProperties) = preSolution
		HideSolutionNode = FALSE
	EndGlobalSection
EndGlobal
